
Microsoft Visual Studio Solution File, Format Version 12.00
# Visual Studio Version 17
VisualStudioVersion = 17.1.32421.90
MinimumVisualStudioVersion = 10.0.40219.1
Project("{FAE04EC0-301F-11D3-BF4B-00C04F79EFBC}") = "WebApplicationMil", "WebApplicationMil\WebApplicationMil.csproj", "{13CDF631-48FE-445F-8034-6EEEDD8AB579}"
EndProject
Project("{FAE04EC0-301F-11D3-BF4B-00C04F79EFBC}") = "WebApplicationMil.Tests", "WebApplicationMil.Tests\WebApplicationMil.Tests.csproj", "{78463997-B090-4784-8951-E15260E54931}"
EndProject
Global
	GlobalSection(SolutionConfigurationPlatforms) = preSolution
		Debug|Any CPU = Debug|Any CPU
		Release|Any CPU = Release|Any CPU
	EndGlobalSection
	GlobalSection(ProjectConfigurationPlatforms) = postSolution
		{13CDF631-48FE-445F-8034-6EEEDD8AB579}.Debug|Any CPU.ActiveCfg = Debug|Any CPU
		{13CDF631-48FE-445F-8034-6EEEDD8AB579}.Debug|Any CPU.Build.0 = Debug|Any CPU
		{13CDF631-48FE-445F-8034-6EEEDD8AB579}.Release|Any CPU.ActiveCfg = Release|Any CPU
		{13CDF631-48FE-445F-8034-6EEEDD8AB579}.Release|Any CPU.Build.0 = Release|Any CPU
		{78463997-B090-4784-8951-E15260E54931}.Debug|Any CPU.ActiveCfg = Debug|Any CPU
		{78463997-B090-4784-8951-E15260E54931}.Debug|Any CPU.Build.0 = Debug|Any CPU
		{78463997-B090-4784-8951-E15260E54931}.Release|Any CPU.ActiveCfg = Release|Any CPU
		{78463997-B090-4784-8951-E15260E54931}.Release|Any CPU.Build.0 = Release|Any CPU
	EndGlobalSection
	GlobalSection(SolutionProperties) = preSolution
		HideSolutionNode = FALSE
	EndGlobalSection
	GlobalSection(ExtensibilityGlobals) = postSolution
		SolutionGuid = {8753942C-A2BA-4C50-81E3-DD5082434E0F}
	EndGlobalSection
EndGlobal
